{
  "requires": true,
  "lockfileVersion": 1,
  "dependencies": {
    "graphql-request": {
      "version": "2.0.0",
      "resolved": "https://registry.npmjs.org/graphql-request/-/graphql-request-2.0.0.tgz",
      "integrity": "sha512-Ww3Ax+G3l2d+mPT8w7HC9LfrKjutnCKtnDq7ZZp2ghVk5IQDjwAk3/arRF1ix17Ky15rm0hrSKVKxRhIVlSuoQ=="
    }
  }
}
